// !$*UTF8*$!
{
	archiveVersion = 1;
	classes = {
	};
	objectVersion = 56;
	objects = {

/* Begin PBXBuildFile section */
		8443E8CD2938D6CC00371C15 /* AdumoPay.h in Headers */ = {isa = PBXBuildFile; fileRef = 8443E8CC2938D6CC00371C15 /* AdumoPay.h */; settings = {ATTRIBUTES = (Public, ); }; };
		8443E8E82938D6F800371C15 /* NetworkClientImpl.swift in Sources */ = {isa = PBXBuildFile; fileRef = 8443E8D52938D6F700371C15 /* NetworkClientImpl.swift */; };
		8443E8E92938D6F800371C15 /* AuthRepositoryImpl.swift in Sources */ = {isa = PBXBuildFile; fileRef = 8443E8D72938D6F700371C15 /* AuthRepositoryImpl.swift */; };
		8443E8EA2938D6F800371C15 /* HTTPMethod.swift in Sources */ = {isa = PBXBuildFile; fileRef = 8443E8D82938D6F700371C15 /* HTTPMethod.swift */; };
		8443E8EB2938D6F800371C15 /* AEClient.swift in Sources */ = {isa = PBXBuildFile; fileRef = 8443E8D92938D6F700371C15 /* AEClient.swift */; };
		8443E8EC2938D6F800371C15 /* Adumo3DSecureDelegate.swift in Sources */ = {isa = PBXBuildFile; fileRef = 8443E8DC2938D6F700371C15 /* Adumo3DSecureDelegate.swift */; };
		8443E8ED2938D6F800371C15 /* AuthData.swift in Sources */ = {isa = PBXBuildFile; fileRef = 8443E8DE2938D6F700371C15 /* AuthData.swift */; };
		8443E8F22938D7FD00371C15 /* Entity.swift in Sources */ = {isa = PBXBuildFile; fileRef = 8443E8E32938D6F700371C15 /* Entity.swift */; };
		8443E90029391E1100371C15 /* AEClientDelegate.swift in Sources */ = {isa = PBXBuildFile; fileRef = 8443E8FF29391E1100371C15 /* AEClientDelegate.swift */; };
		8443E924293C957A00371C15 /* HTTPHeaders.swift in Sources */ = {isa = PBXBuildFile; fileRef = 8443E923293C957A00371C15 /* HTTPHeaders.swift */; };
		8443E9282940F8C900371C15 /* AuthRepository.swift in Sources */ = {isa = PBXBuildFile; fileRef = 8443E9272940F8C900371C15 /* AuthRepository.swift */; };
		8443E92B2940FA4C00371C15 /* Factory in Frameworks */ = {isa = PBXBuildFile; productRef = 8443E92A2940FA4C00371C15 /* Factory */; };
		8443E92D2940FAE400371C15 /* Factory+Repositories.swift in Sources */ = {isa = PBXBuildFile; fileRef = 8443E92C2940FAE400371C15 /* Factory+Repositories.swift */; };
		8443E92F2940FE2100371C15 /* Factory+Clients.swift in Sources */ = {isa = PBXBuildFile; fileRef = 8443E92E2940FE2100371C15 /* Factory+Clients.swift */; };
		8443E9312941E36F00371C15 /* NSError+Extension.swift in Sources */ = {isa = PBXBuildFile; fileRef = 8443E9302941E36F00371C15 /* NSError+Extension.swift */; };
		8443E934294492A200371C15 /* NetworkClient.swift in Sources */ = {isa = PBXBuildFile; fileRef = 8443E933294492A200371C15 /* NetworkClient.swift */; };
		8443E9392944957500371C15 /* TransactionRepository.swift in Sources */ = {isa = PBXBuildFile; fileRef = 8443E9382944957500371C15 /* TransactionRepository.swift */; };
		8449A3C4294A39C9003ECAAD /* NSMutableData+AppendString.swift in Sources */ = {isa = PBXBuildFile; fileRef = 8449A3C3294A39C9003ECAAD /* NSMutableData+AppendString.swift */; };
		8449A3C6294BB51D003ECAAD /* ApiEndpoint.swift in Sources */ = {isa = PBXBuildFile; fileRef = 8449A3C5294BB51D003ECAAD /* ApiEndpoint.swift */; };
		8449A3C8294BB9D1003ECAAD /* BankservData.swift in Sources */ = {isa = PBXBuildFile; fileRef = 8449A3C7294BB9D1003ECAAD /* BankservData.swift */; };
		8449A3CA294BBB54003ECAAD /* BankservDto.swift in Sources */ = {isa = PBXBuildFile; fileRef = 8449A3C9294BBB54003ECAAD /* BankservDto.swift */; };
		8449A3D1294BC12B003ECAAD /* Web3DSecureView.swift in Sources */ = {isa = PBXBuildFile; fileRef = 8449A3D0294BC12B003ECAAD /* Web3DSecureView.swift */; };
		8449A3D3294BC600003ECAAD /* WebView.swift in Sources */ = {isa = PBXBuildFile; fileRef = 8449A3D2294BC600003ECAAD /* WebView.swift */; };
		8449A3D5294BC703003ECAAD /* Web3DSecureViewModel.swift in Sources */ = {isa = PBXBuildFile; fileRef = 8449A3D4294BC703003ECAAD /* Web3DSecureViewModel.swift */; };
		8449A3D7294BC716003ECAAD /* Web3DSecureConfig.swift in Sources */ = {isa = PBXBuildFile; fileRef = 8449A3D6294BC716003ECAAD /* Web3DSecureConfig.swift */; };
		84F4BD472944A06B003921EF /* Transaction.swift in Sources */ = {isa = PBXBuildFile; fileRef = 84F4BD462944A06B003921EF /* Transaction.swift */; };
		84F4BD492944A0FA003921EF /* TransactionData.swift in Sources */ = {isa = PBXBuildFile; fileRef = 84F4BD482944A0FA003921EF /* TransactionData.swift */; };
		84F4BD4B2944A28B003921EF /* TransactionRepositoryImpl.swift in Sources */ = {isa = PBXBuildFile; fileRef = 84F4BD4A2944A28B003921EF /* TransactionRepositoryImpl.swift */; };
		84F4BD4D2945BEAA003921EF /* ErrorResponse.swift in Sources */ = {isa = PBXBuildFile; fileRef = 84F4BD4C2945BEAA003921EF /* ErrorResponse.swift */; };
		84F4BD5029491973003921EF /* UIDevice+IPAddress.swift in Sources */ = {isa = PBXBuildFile; fileRef = 84F4BD4F29491973003921EF /* UIDevice+IPAddress.swift */; };
/* End PBXBuildFile section */

/* Begin PBXFileReference section */
		8443E8C92938D6CC00371C15 /* AdumoPay.framework */ = {isa = PBXFileReference; explicitFileType = wrapper.framework; includeInIndex = 0; path = AdumoPay.framework; sourceTree = BUILT_PRODUCTS_DIR; };
		8443E8CC2938D6CC00371C15 /* AdumoPay.h */ = {isa = PBXFileReference; lastKnownFileType = sourcecode.c.h; path = AdumoPay.h; sourceTree = "<group>"; };
		8443E8D52938D6F700371C15 /* NetworkClientImpl.swift */ = {isa = PBXFileReference; fileEncoding = 4; lastKnownFileType = sourcecode.swift; path = NetworkClientImpl.swift; sourceTree = "<group>"; };
		8443E8D72938D6F700371C15 /* AuthRepositoryImpl.swift */ = {isa = PBXFileReference; fileEncoding = 4; lastKnownFileType = sourcecode.swift; path = AuthRepositoryImpl.swift; sourceTree = "<group>"; };
		8443E8D82938D6F700371C15 /* HTTPMethod.swift */ = {isa = PBXFileReference; fileEncoding = 4; lastKnownFileType = sourcecode.swift; path = HTTPMethod.swift; sourceTree = "<group>"; };
		8443E8D92938D6F700371C15 /* AEClient.swift */ = {isa = PBXFileReference; fileEncoding = 4; lastKnownFileType = sourcecode.swift; path = AEClient.swift; sourceTree = "<group>"; };
		8443E8DC2938D6F700371C15 /* Adumo3DSecureDelegate.swift */ = {isa = PBXFileReference; fileEncoding = 4; lastKnownFileType = sourcecode.swift; path = Adumo3DSecureDelegate.swift; sourceTree = "<group>"; };
		8443E8DE2938D6F700371C15 /* AuthData.swift */ = {isa = PBXFileReference; fileEncoding = 4; lastKnownFileType = sourcecode.swift; path = AuthData.swift; sourceTree = "<group>"; };
		8443E8E32938D6F700371C15 /* Entity.swift */ = {isa = PBXFileReference; fileEncoding = 4; lastKnownFileType = sourcecode.swift; path = Entity.swift; sourceTree = "<group>"; };
		8443E8FF29391E1100371C15 /* AEClientDelegate.swift */ = {isa = PBXFileReference; lastKnownFileType = sourcecode.swift; path = AEClientDelegate.swift; sourceTree = "<group>"; };
		8443E923293C957A00371C15 /* HTTPHeaders.swift */ = {isa = PBXFileReference; lastKnownFileType = sourcecode.swift; path = HTTPHeaders.swift; sourceTree = "<group>"; };
		8443E9272940F8C900371C15 /* AuthRepository.swift */ = {isa = PBXFileReference; lastKnownFileType = sourcecode.swift; path = AuthRepository.swift; sourceTree = "<group>"; };
		8443E92C2940FAE400371C15 /* Factory+Repositories.swift */ = {isa = PBXFileReference; lastKnownFileType = sourcecode.swift; path = "Factory+Repositories.swift"; sourceTree = "<group>"; };
		8443E92E2940FE2100371C15 /* Factory+Clients.swift */ = {isa = PBXFileReference; lastKnownFileType = sourcecode.swift; path = "Factory+Clients.swift"; sourceTree = "<group>"; };
		8443E9302941E36F00371C15 /* NSError+Extension.swift */ = {isa = PBXFileReference; lastKnownFileType = sourcecode.swift; path = "NSError+Extension.swift"; sourceTree = "<group>"; };
		8443E933294492A200371C15 /* NetworkClient.swift */ = {isa = PBXFileReference; lastKnownFileType = sourcecode.swift; path = NetworkClient.swift; sourceTree = "<group>"; };
		8443E9382944957500371C15 /* TransactionRepository.swift */ = {isa = PBXFileReference; lastKnownFileType = sourcecode.swift; path = TransactionRepository.swift; sourceTree = "<group>"; };
		8449A3C3294A39C9003ECAAD /* NSMutableData+AppendString.swift */ = {isa = PBXFileReference; lastKnownFileType = sourcecode.swift; path = "NSMutableData+AppendString.swift"; sourceTree = "<group>"; };
		8449A3C5294BB51D003ECAAD /* ApiEndpoint.swift */ = {isa = PBXFileReference; lastKnownFileType = sourcecode.swift; path = ApiEndpoint.swift; sourceTree = "<group>"; };
		8449A3C7294BB9D1003ECAAD /* BankservData.swift */ = {isa = PBXFileReference; lastKnownFileType = sourcecode.swift; path = BankservData.swift; sourceTree = "<group>"; };
		8449A3C9294BBB54003ECAAD /* BankservDto.swift */ = {isa = PBXFileReference; lastKnownFileType = sourcecode.swift; path = BankservDto.swift; sourceTree = "<group>"; };
		8449A3D0294BC12B003ECAAD /* Web3DSecureView.swift */ = {isa = PBXFileReference; lastKnownFileType = sourcecode.swift; path = Web3DSecureView.swift; sourceTree = "<group>"; };
		8449A3D2294BC600003ECAAD /* WebView.swift */ = {isa = PBXFileReference; lastKnownFileType = sourcecode.swift; path = WebView.swift; sourceTree = "<group>"; };
		8449A3D4294BC703003ECAAD /* Web3DSecureViewModel.swift */ = {isa = PBXFileReference; lastKnownFileType = sourcecode.swift; path = Web3DSecureViewModel.swift; sourceTree = "<group>"; };
		8449A3D6294BC716003ECAAD /* Web3DSecureConfig.swift */ = {isa = PBXFileReference; lastKnownFileType = sourcecode.swift; path = Web3DSecureConfig.swift; sourceTree = "<group>"; };
		84F4BD462944A06B003921EF /* Transaction.swift */ = {isa = PBXFileReference; lastKnownFileType = sourcecode.swift; path = Transaction.swift; sourceTree = "<group>"; };
		84F4BD482944A0FA003921EF /* TransactionData.swift */ = {isa = PBXFileReference; lastKnownFileType = sourcecode.swift; path = TransactionData.swift; sourceTree = "<group>"; };
		84F4BD4A2944A28B003921EF /* TransactionRepositoryImpl.swift */ = {isa = PBXFileReference; lastKnownFileType = sourcecode.swift; path = TransactionRepositoryImpl.swift; sourceTree = "<group>"; };
		84F4BD4C2945BEAA003921EF /* ErrorResponse.swift */ = {isa = PBXFileReference; lastKnownFileType = sourcecode.swift; path = ErrorResponse.swift; sourceTree = "<group>"; };
		84F4BD4F29491973003921EF /* UIDevice+IPAddress.swift */ = {isa = PBXFileReference; lastKnownFileType = sourcecode.swift; path = "UIDevice+IPAddress.swift"; sourceTree = "<group>"; };
/* End PBXFileReference section */

/* Begin PBXFrameworksBuildPhase section */
		8443E8C62938D6CC00371C15 /* Frameworks */ = {
			isa = PBXFrameworksBuildPhase;
			buildActionMask = 2147483647;
			files = (
				8443E92B2940FA4C00371C15 /* Factory in Frameworks */,
			);
			runOnlyForDeploymentPostprocessing = 0;
		};
/* End PBXFrameworksBuildPhase section */

/* Begin PBXGroup section */
		8443E8BF2938D6CC00371C15 = {
			isa = PBXGroup;
			children = (
				8443E8CB2938D6CC00371C15 /* AdumoPay */,
				8443E8CA2938D6CC00371C15 /* Products */,
			);
			sourceTree = "<group>";
		};
		8443E8CA2938D6CC00371C15 /* Products */ = {
			isa = PBXGroup;
			children = (
				8443E8C92938D6CC00371C15 /* AdumoPay.framework */,
			);
			name = Products;
			sourceTree = "<group>";
		};
		8443E8CB2938D6CC00371C15 /* AdumoPay */ = {
			isa = PBXGroup;
			children = (
				8443E8D32938D6F700371C15 /* Data */,
				8443E8DA2938D6F700371C15 /* Domain */,
				8443E8E42938D6F800371C15 /* Presentation */,
				8443E8CC2938D6CC00371C15 /* AdumoPay.h */,
			);
			path = AdumoPay;
			sourceTree = "<group>";
		};
		8443E8D32938D6F700371C15 /* Data */ = {
			isa = PBXGroup;
			children = (
				84F4BD4E29491953003921EF /* Extension */,
				84F4BD452944A059003921EF /* Entities */,
				8443E8D42938D6F700371C15 /* Network */,
				8443E8D62938D6F700371C15 /* Repositories */,
				8443E8D92938D6F700371C15 /* AEClient.swift */,
			);
			path = Data;
			sourceTree = "<group>";
		};
		8443E8D42938D6F700371C15 /* Network */ = {
			isa = PBXGroup;
			children = (
				8443E8D52938D6F700371C15 /* NetworkClientImpl.swift */,
				8443E92E2940FE2100371C15 /* Factory+Clients.swift */,
				8443E9302941E36F00371C15 /* NSError+Extension.swift */,
				8449A3C5294BB51D003ECAAD /* ApiEndpoint.swift */,
			);
			path = Network;
			sourceTree = "<group>";
		};
		8443E8D62938D6F700371C15 /* Repositories */ = {
			isa = PBXGroup;
			children = (
				8443E92C2940FAE400371C15 /* Factory+Repositories.swift */,
				8443E8D72938D6F700371C15 /* AuthRepositoryImpl.swift */,
				84F4BD4A2944A28B003921EF /* TransactionRepositoryImpl.swift */,
			);
			path = Repositories;
			sourceTree = "<group>";
		};
		8443E8DA2938D6F700371C15 /* Domain */ = {
			isa = PBXGroup;
			children = (
				8443E8D82938D6F700371C15 /* HTTPMethod.swift */,
				8443E923293C957A00371C15 /* HTTPHeaders.swift */,
				8443E8DB2938D6F700371C15 /* Delegates */,
				8443E8DD2938D6F700371C15 /* Entities */,
				8443E8DF2938D6F700371C15 /* Interfaces */,
			);
			path = Domain;
			sourceTree = "<group>";
		};
		8443E8DB2938D6F700371C15 /* Delegates */ = {
			isa = PBXGroup;
			children = (
				8443E8DC2938D6F700371C15 /* Adumo3DSecureDelegate.swift */,
				8443E8FF29391E1100371C15 /* AEClientDelegate.swift */,
			);
			path = Delegates;
			sourceTree = "<group>";
		};
		8443E8DD2938D6F700371C15 /* Entities */ = {
			isa = PBXGroup;
			children = (
				8449A3CB294BBB58003ECAAD /* Dto */,
				84F4BD462944A06B003921EF /* Transaction.swift */,
				84F4BD4C2945BEAA003921EF /* ErrorResponse.swift */,
			);
			path = Entities;
			sourceTree = "<group>";
		};
		8443E8DF2938D6F700371C15 /* Interfaces */ = {
			isa = PBXGroup;
			children = (
				8443E9322944929100371C15 /* Network */,
				8443E9262940F8AA00371C15 /* Repositories */,
				8443E8E22938D6F700371C15 /* Entities */,
			);
			path = Interfaces;
			sourceTree = "<group>";
		};
		8443E8E22938D6F700371C15 /* Entities */ = {
			isa = PBXGroup;
			children = (
				8443E8E32938D6F700371C15 /* Entity.swift */,
			);
			path = Entities;
			sourceTree = "<group>";
		};
		8443E8E42938D6F800371C15 /* Presentation */ = {
			isa = PBXGroup;
			children = (
				8449A3CE294BC107003ECAAD /* Views */,
			);
			path = Presentation;
			sourceTree = "<group>";
		};
		8443E9262940F8AA00371C15 /* Repositories */ = {
			isa = PBXGroup;
			children = (
				8443E9272940F8C900371C15 /* AuthRepository.swift */,
				8443E9382944957500371C15 /* TransactionRepository.swift */,
			);
			path = Repositories;
			sourceTree = "<group>";
		};
		8443E9322944929100371C15 /* Network */ = {
			isa = PBXGroup;
			children = (
				8443E933294492A200371C15 /* NetworkClient.swift */,
			);
			path = Network;
			sourceTree = "<group>";
		};
		8449A3CB294BBB58003ECAAD /* Dto */ = {
			isa = PBXGroup;
			children = (
				8449A3C9294BBB54003ECAAD /* BankservDto.swift */,
			);
			path = Dto;
			sourceTree = "<group>";
		};
		8449A3CE294BC107003ECAAD /* Views */ = {
			isa = PBXGroup;
			children = (
				8449A3CF294BC110003ECAAD /* Web3DSecure */,
			);
			path = Views;
			sourceTree = "<group>";
		};
		8449A3CF294BC110003ECAAD /* Web3DSecure */ = {
			isa = PBXGroup;
			children = (
				8449A3D6294BC716003ECAAD /* Web3DSecureConfig.swift */,
				8449A3D0294BC12B003ECAAD /* Web3DSecureView.swift */,
				8449A3D4294BC703003ECAAD /* Web3DSecureViewModel.swift */,
				8449A3D2294BC600003ECAAD /* WebView.swift */,
			);
			path = Web3DSecure;
			sourceTree = "<group>";
		};
		84F4BD452944A059003921EF /* Entities */ = {
			isa = PBXGroup;
			children = (
				8443E8DE2938D6F700371C15 /* AuthData.swift */,
				84F4BD482944A0FA003921EF /* TransactionData.swift */,
				8449A3C7294BB9D1003ECAAD /* BankservData.swift */,
			);
			path = Entities;
			sourceTree = "<group>";
		};
		84F4BD4E29491953003921EF /* Extension */ = {
			isa = PBXGroup;
			children = (
				84F4BD4F29491973003921EF /* UIDevice+IPAddress.swift */,
				8449A3C3294A39C9003ECAAD /* NSMutableData+AppendString.swift */,
			);
			path = Extension;
			sourceTree = "<group>";
		};
/* End PBXGroup section */

/* Begin PBXHeadersBuildPhase section */
		8443E8C42938D6CC00371C15 /* Headers */ = {
			isa = PBXHeadersBuildPhase;
			buildActionMask = 2147483647;
			files = (
				8443E8CD2938D6CC00371C15 /* AdumoPay.h in Headers */,
			);
			runOnlyForDeploymentPostprocessing = 0;
		};
/* End PBXHeadersBuildPhase section */

/* Begin PBXNativeTarget section */
		8443E8C82938D6CC00371C15 /* AdumoPay */ = {
			isa = PBXNativeTarget;
			buildConfigurationList = 8443E8D02938D6CC00371C15 /* Build configuration list for PBXNativeTarget "AdumoPay" */;
			buildPhases = (
				8443E8C42938D6CC00371C15 /* Headers */,
				8443E8C52938D6CC00371C15 /* Sources */,
				8443E8C62938D6CC00371C15 /* Frameworks */,
				8443E8C72938D6CC00371C15 /* Resources */,
			);
			buildRules = (
			);
			dependencies = (
			);
			name = AdumoPay;
			packageProductDependencies = (
				8443E92A2940FA4C00371C15 /* Factory */,
			);
			productName = AdumoPay;
			productReference = 8443E8C92938D6CC00371C15 /* AdumoPay.framework */;
			productType = "com.apple.product-type.framework";
		};
/* End PBXNativeTarget section */

/* Begin PBXProject section */
		8443E8C02938D6CC00371C15 /* Project object */ = {
			isa = PBXProject;
			attributes = {
				BuildIndependentTargetsInParallel = 1;
				LastUpgradeCheck = 1410;
				TargetAttributes = {
					8443E8C82938D6CC00371C15 = {
						CreatedOnToolsVersion = 14.1;
					};
				};
			};
			buildConfigurationList = 8443E8C32938D6CC00371C15 /* Build configuration list for PBXProject "AdumoPay" */;
			compatibilityVersion = "Xcode 14.0";
			developmentRegion = en;
			hasScannedForEncodings = 0;
			knownRegions = (
				en,
				Base,
			);
			mainGroup = 8443E8BF2938D6CC00371C15;
			packageReferences = (
				8443E9292940FA4C00371C15 /* XCRemoteSwiftPackageReference "Factory" */,
			);
			productRefGroup = 8443E8CA2938D6CC00371C15 /* Products */;
			projectDirPath = "";
			projectRoot = "";
			targets = (
				8443E8C82938D6CC00371C15 /* AdumoPay */,
			);
		};
/* End PBXProject section */

/* Begin PBXResourcesBuildPhase section */
		8443E8C72938D6CC00371C15 /* Resources */ = {
			isa = PBXResourcesBuildPhase;
			buildActionMask = 2147483647;
			files = (
			);
			runOnlyForDeploymentPostprocessing = 0;
		};
/* End PBXResourcesBuildPhase section */

/* Begin PBXSourcesBuildPhase section */
		8443E8C52938D6CC00371C15 /* Sources */ = {
			isa = PBXSourcesBuildPhase;
			buildActionMask = 2147483647;
			files = (
				8449A3D3294BC600003ECAAD /* WebView.swift in Sources */,
				8449A3D5294BC703003ECAAD /* Web3DSecureViewModel.swift in Sources */,
				8443E8F22938D7FD00371C15 /* Entity.swift in Sources */,
				8443E9282940F8C900371C15 /* AuthRepository.swift in Sources */,
				8443E8E82938D6F800371C15 /* NetworkClientImpl.swift in Sources */,
				8449A3C8294BB9D1003ECAAD /* BankservData.swift in Sources */,
				8443E924293C957A00371C15 /* HTTPHeaders.swift in Sources */,
				8443E92D2940FAE400371C15 /* Factory+Repositories.swift in Sources */,
				84F4BD4D2945BEAA003921EF /* ErrorResponse.swift in Sources */,
				8449A3C6294BB51D003ECAAD /* ApiEndpoint.swift in Sources */,
				8449A3C4294A39C9003ECAAD /* NSMutableData+AppendString.swift in Sources */,
				8449A3CA294BBB54003ECAAD /* BankservDto.swift in Sources */,
				8443E8ED2938D6F800371C15 /* AuthData.swift in Sources */,
				8443E90029391E1100371C15 /* AEClientDelegate.swift in Sources */,
				84F4BD472944A06B003921EF /* Transaction.swift in Sources */,
				8443E9392944957500371C15 /* TransactionRepository.swift in Sources */,
				84F4BD5029491973003921EF /* UIDevice+IPAddress.swift in Sources */,
				8449A3D7294BC716003ECAAD /* Web3DSecureConfig.swift in Sources */,
				8443E8E92938D6F800371C15 /* AuthRepositoryImpl.swift in Sources */,
				8443E8EB2938D6F800371C15 /* AEClient.swift in Sources */,
				8443E92F2940FE2100371C15 /* Factory+Clients.swift in Sources */,
				84F4BD4B2944A28B003921EF /* TransactionRepositoryImpl.swift in Sources */,
				8443E934294492A200371C15 /* NetworkClient.swift in Sources */,
				8443E8EA2938D6F800371C15 /* HTTPMethod.swift in Sources */,
				84F4BD492944A0FA003921EF /* TransactionData.swift in Sources */,
				8443E9312941E36F00371C15 /* NSError+Extension.swift in Sources */,
				8443E8EC2938D6F800371C15 /* Adumo3DSecureDelegate.swift in Sources */,
				8449A3D1294BC12B003ECAAD /* Web3DSecureView.swift in Sources */,
			);
			runOnlyForDeploymentPostprocessing = 0;
		};
/* End PBXSourcesBuildPhase section */

/* Begin XCBuildConfiguration section */
		8443E8CE2938D6CC00371C15 /* Debug */ = {
			isa = XCBuildConfiguration;
			buildSettings = {
				ALWAYS_SEARCH_USER_PATHS = NO;
				CLANG_ANALYZER_NONNULL = YES;
				CLANG_ANALYZER_NUMBER_OBJECT_CONVERSION = YES_AGGRESSIVE;
				CLANG_CXX_LANGUAGE_STANDARD = "gnu++20";
				CLANG_ENABLE_MODULES = YES;
				CLANG_ENABLE_OBJC_ARC = YES;
				CLANG_ENABLE_OBJC_WEAK = YES;
				CLANG_WARN_BLOCK_CAPTURE_AUTORELEASING = YES;
				CLANG_WARN_BOOL_CONVERSION = YES;
				CLANG_WARN_COMMA = YES;
				CLANG_WARN_CONSTANT_CONVERSION = YES;
				CLANG_WARN_DEPRECATED_OBJC_IMPLEMENTATIONS = YES;
				CLANG_WARN_DIRECT_OBJC_ISA_USAGE = YES_ERROR;
				CLANG_WARN_DOCUMENTATION_COMMENTS = YES;
				CLANG_WARN_EMPTY_BODY = YES;
				CLANG_WARN_ENUM_CONVERSION = YES;
				CLANG_WARN_INFINITE_RECURSION = YES;
				CLANG_WARN_INT_CONVERSION = YES;
				CLANG_WARN_NON_LITERAL_NULL_CONVERSION = YES;
				CLANG_WARN_OBJC_IMPLICIT_RETAIN_SELF = YES;
				CLANG_WARN_OBJC_LITERAL_CONVERSION = YES;
				CLANG_WARN_OBJC_ROOT_CLASS = YES_ERROR;
				CLANG_WARN_QUOTED_INCLUDE_IN_FRAMEWORK_HEADER = YES;
				CLANG_WARN_RANGE_LOOP_ANALYSIS = YES;
				CLANG_WARN_STRICT_PROTOTYPES = YES;
				CLANG_WARN_SUSPICIOUS_MOVE = YES;
				CLANG_WARN_UNGUARDED_AVAILABILITY = YES_AGGRESSIVE;
				CLANG_WARN_UNREACHABLE_CODE = YES;
				CLANG_WARN__DUPLICATE_METHOD_MATCH = YES;
				COPY_PHASE_STRIP = NO;
				CURRENT_PROJECT_VERSION = 1;
				DEBUG_INFORMATION_FORMAT = dwarf;
				ENABLE_STRICT_OBJC_MSGSEND = YES;
				ENABLE_TESTABILITY = YES;
				GCC_C_LANGUAGE_STANDARD = gnu11;
				GCC_DYNAMIC_NO_PIC = NO;
				GCC_NO_COMMON_BLOCKS = YES;
				GCC_OPTIMIZATION_LEVEL = 0;
				GCC_PREPROCESSOR_DEFINITIONS = (
					"DEBUG=1",
					"$(inherited)",
				);
				GCC_WARN_64_TO_32_BIT_CONVERSION = YES;
				GCC_WARN_ABOUT_RETURN_TYPE = YES_ERROR;
				GCC_WARN_UNDECLARED_SELECTOR = YES;
				GCC_WARN_UNINITIALIZED_AUTOS = YES_AGGRESSIVE;
				GCC_WARN_UNUSED_FUNCTION = YES;
				GCC_WARN_UNUSED_VARIABLE = YES;
				IPHONEOS_DEPLOYMENT_TARGET = 14.0;
				MTL_ENABLE_DEBUG_INFO = INCLUDE_SOURCE;
				MTL_FAST_MATH = YES;
				ONLY_ACTIVE_ARCH = YES;
				SDKROOT = iphoneos;
				SWIFT_ACTIVE_COMPILATION_CONDITIONS = DEBUG;
				SWIFT_OPTIMIZATION_LEVEL = "-Onone";
				VERSIONING_SYSTEM = "apple-generic";
				VERSION_INFO_PREFIX = "";
			};
			name = Debug;
		};
		8443E8CF2938D6CC00371C15 /* Release */ = {
			isa = XCBuildConfiguration;
			buildSettings = {
				ALWAYS_SEARCH_USER_PATHS = NO;
				CLANG_ANALYZER_NONNULL = YES;
				CLANG_ANALYZER_NUMBER_OBJECT_CONVERSION = YES_AGGRESSIVE;
				CLANG_CXX_LANGUAGE_STANDARD = "gnu++20";
				CLANG_ENABLE_MODULES = YES;
				CLANG_ENABLE_OBJC_ARC = YES;
				CLANG_ENABLE_OBJC_WEAK = YES;
				CLANG_WARN_BLOCK_CAPTURE_AUTORELEASING = YES;
				CLANG_WARN_BOOL_CONVERSION = YES;
				CLANG_WARN_COMMA = YES;
				CLANG_WARN_CONSTANT_CONVERSION = YES;
				CLANG_WARN_DEPRECATED_OBJC_IMPLEMENTATIONS = YES;
				CLANG_WARN_DIRECT_OBJC_ISA_USAGE = YES_ERROR;
				CLANG_WARN_DOCUMENTATION_COMMENTS = YES;
				CLANG_WARN_EMPTY_BODY = YES;
				CLANG_WARN_ENUM_CONVERSION = YES;
				CLANG_WARN_INFINITE_RECURSION = YES;
				CLANG_WARN_INT_CONVERSION = YES;
				CLANG_WARN_NON_LITERAL_NULL_CONVERSION = YES;
				CLANG_WARN_OBJC_IMPLICIT_RETAIN_SELF = YES;
				CLANG_WARN_OBJC_LITERAL_CONVERSION = YES;
				CLANG_WARN_OBJC_ROOT_CLASS = YES_ERROR;
				CLANG_WARN_QUOTED_INCLUDE_IN_FRAMEWORK_HEADER = YES;
				CLANG_WARN_RANGE_LOOP_ANALYSIS = YES;
				CLANG_WARN_STRICT_PROTOTYPES = YES;
				CLANG_WARN_SUSPICIOUS_MOVE = YES;
				CLANG_WARN_UNGUARDED_AVAILABILITY = YES_AGGRESSIVE;
				CLANG_WARN_UNREACHABLE_CODE = YES;
				CLANG_WARN__DUPLICATE_METHOD_MATCH = YES;
				COPY_PHASE_STRIP = NO;
				CURRENT_PROJECT_VERSION = 1;
				DEBUG_INFORMATION_FORMAT = "dwarf-with-dsym";
				ENABLE_NS_ASSERTIONS = NO;
				ENABLE_STRICT_OBJC_MSGSEND = YES;
				GCC_C_LANGUAGE_STANDARD = gnu11;
				GCC_NO_COMMON_BLOCKS = YES;
				GCC_WARN_64_TO_32_BIT_CONVERSION = YES;
				GCC_WARN_ABOUT_RETURN_TYPE = YES_ERROR;
				GCC_WARN_UNDECLARED_SELECTOR = YES;
				GCC_WARN_UNINITIALIZED_AUTOS = YES_AGGRESSIVE;
				GCC_WARN_UNUSED_FUNCTION = YES;
				GCC_WARN_UNUSED_VARIABLE = YES;
				IPHONEOS_DEPLOYMENT_TARGET = 14.0;
				MTL_ENABLE_DEBUG_INFO = NO;
				MTL_FAST_MATH = YES;
				SDKROOT = iphoneos;
				SWIFT_COMPILATION_MODE = wholemodule;
				SWIFT_OPTIMIZATION_LEVEL = "-O";
				VALIDATE_PRODUCT = YES;
				VERSIONING_SYSTEM = "apple-generic";
				VERSION_INFO_PREFIX = "";
			};
			name = Release;
		};
		8443E8D12938D6CC00371C15 /* Debug */ = {
			isa = XCBuildConfiguration;
			buildSettings = {
				BUILD_LIBRARY_FOR_DISTRIBUTION = NO;
				CLANG_ENABLE_MODULE_DEBUGGING = YES;
				CODE_SIGN_STYLE = Automatic;
				CURRENT_PROJECT_VERSION = 1;
				DEFINES_MODULE = YES;
				DEVELOPMENT_TEAM = H8P4K9XRN7;
				DYLIB_COMPATIBILITY_VERSION = 1;
				DYLIB_CURRENT_VERSION = 1;
				DYLIB_INSTALL_NAME_BASE = "@rpath";
				GENERATE_INFOPLIST_FILE = YES;
				INFOPLIST_KEY_NSHumanReadableCopyright = "";
				INSTALL_PATH = "$(LOCAL_LIBRARY_DIR)/Frameworks";
				IPHONEOS_DEPLOYMENT_TARGET = 14.0;
				LD_RUNPATH_SEARCH_PATHS = (
					"$(inherited)",
					"@executable_path/Frameworks",
					"@loader_path/Frameworks",
				);
				MARKETING_VERSION = 1.0;
				PRODUCT_BUNDLE_IDENTIFIER = co.za.mincdevelopment.AdumoPay;
				PRODUCT_NAME = "$(TARGET_NAME:c99extidentifier)";
				SKIP_INSTALL = YES;
				SWIFT_EMIT_LOC_STRINGS = YES;
				SWIFT_VERSION = 5.0;
				TARGETED_DEVICE_FAMILY = "1,2";
			};
			name = Debug;
		};
		8443E8D22938D6CC00371C15 /* Release */ = {
			isa = XCBuildConfiguration;
			buildSettings = {
				BUILD_LIBRARY_FOR_DISTRIBUTION = NO;
				CLANG_ENABLE_MODULE_DEBUGGING = YES;
				CODE_SIGN_STYLE = Automatic;
				CURRENT_PROJECT_VERSION = 1;
				DEFINES_MODULE = YES;
				DEVELOPMENT_TEAM = H8P4K9XRN7;
				DYLIB_COMPATIBILITY_VERSION = 1;
				DYLIB_CURRENT_VERSION = 1;
				DYLIB_INSTALL_NAME_BASE = "@rpath";
				GENERATE_INFOPLIST_FILE = YES;
				INFOPLIST_KEY_NSHumanReadableCopyright = "";
				INSTALL_PATH = "$(LOCAL_LIBRARY_DIR)/Frameworks";
				IPHONEOS_DEPLOYMENT_TARGET = 14.0;
				LD_RUNPATH_SEARCH_PATHS = (
					"$(inherited)",
					"@executable_path/Frameworks",
					"@loader_path/Frameworks",
				);
				MARKETING_VERSION = 1.0;
				PRODUCT_BUNDLE_IDENTIFIER = co.za.mincdevelopment.AdumoPay;
				PRODUCT_NAME = "$(TARGET_NAME:c99extidentifier)";
				SKIP_INSTALL = YES;
				SWIFT_EMIT_LOC_STRINGS = YES;
				SWIFT_VERSION = 5.0;
				TARGETED_DEVICE_FAMILY = "1,2";
			};
			name = Release;
		};
/* End XCBuildConfiguration section */

/* Begin XCConfigurationList section */
		8443E8C32938D6CC00371C15 /* Build configuration list for PBXProject "AdumoPay" */ = {
			isa = XCConfigurationList;
			buildConfigurations = (
				8443E8CE2938D6CC00371C15 /* Debug */,
				8443E8CF2938D6CC00371C15 /* Release */,
			);
			defaultConfigurationIsVisible = 0;
			defaultConfigurationName = Release;
		};
		8443E8D02938D6CC00371C15 /* Build configuration list for PBXNativeTarget "AdumoPay" */ = {
			isa = XCConfigurationList;
			buildConfigurations = (
				8443E8D12938D6CC00371C15 /* Debug */,
				8443E8D22938D6CC00371C15 /* Release */,
			);
			defaultConfigurationIsVisible = 0;
			defaultConfigurationName = Release;
		};
/* End XCConfigurationList section */

/* Begin XCRemoteSwiftPackageReference section */
		8443E9292940FA4C00371C15 /* XCRemoteSwiftPackageReference "Factory" */ = {
			isa = XCRemoteSwiftPackageReference;
			repositoryURL = "https://github.com/hmlongco/Factory";
			requirement = {
				kind = upToNextMinorVersion;
				minimumVersion = 1.2.0;
			};
		};
/* End XCRemoteSwiftPackageReference section */

/* Begin XCSwiftPackageProductDependency section */
		8443E92A2940FA4C00371C15 /* Factory */ = {
			isa = XCSwiftPackageProductDependency;
			package = 8443E9292940FA4C00371C15 /* XCRemoteSwiftPackageReference "Factory" */;
			productName = Factory;
		};
/* End XCSwiftPackageProductDependency section */
	};
	rootObject = 8443E8C02938D6CC00371C15 /* Project object */;
}
