// !$*UTF8*$!
{
	archiveVersion = 1;
	classes = {
	};
	objectVersion = 56;
	objects = {

/* Begin PBXBuildFile section */
		8443E8CD2938D6CC00371C15 /* AdumoPay.h in Headers */ = {isa = PBXBuildFile; fileRef = 8443E8CC2938D6CC00371C15 /* AdumoPay.h */; settings = {ATTRIBUTES = (Public, ); }; };
		8443E8E82938D6F800371C15 /* NetworkClient.swift in Sources */ = {isa = PBXBuildFile; fileRef = 8443E8D52938D6F700371C15 /* NetworkClient.swift */; };
		8443E8E92938D6F800371C15 /* AuthRepository.swift in Sources */ = {isa = PBXBuildFile; fileRef = 8443E8D72938D6F700371C15 /* AuthRepository.swift */; };
		8443E8EA2938D6F800371C15 /* HTTPMethod.swift in Sources */ = {isa = PBXBuildFile; fileRef = 8443E8D82938D6F700371C15 /* HTTPMethod.swift */; };
		8443E8EB2938D6F800371C15 /* AEClient.swift in Sources */ = {isa = PBXBuildFile; fileRef = 8443E8D92938D6F700371C15 /* AEClient.swift */; };
		8443E8EC2938D6F800371C15 /* Adumo3DSecureDelegate.swift in Sources */ = {isa = PBXBuildFile; fileRef = 8443E8DC2938D6F700371C15 /* Adumo3DSecureDelegate.swift */; };
		8443E8ED2938D6F800371C15 /* AuthData.swift in Sources */ = {isa = PBXBuildFile; fileRef = 8443E8DE2938D6F700371C15 /* AuthData.swift */; };
		8443E8F02938D6F800371C15 /* Adumo3DSecureView.xib in Resources */ = {isa = PBXBuildFile; fileRef = 8443E8E52938D6F800371C15 /* Adumo3DSecureView.xib */; };
		8443E8F12938D6F800371C15 /* Adumo3DSecureViewController.swift in Sources */ = {isa = PBXBuildFile; fileRef = 8443E8E62938D6F800371C15 /* Adumo3DSecureViewController.swift */; };
		8443E8F22938D7FD00371C15 /* CodeableEntity.swift in Sources */ = {isa = PBXBuildFile; fileRef = 8443E8E32938D6F700371C15 /* CodeableEntity.swift */; };
		8443E90029391E1100371C15 /* AEClientDelegate.swift in Sources */ = {isa = PBXBuildFile; fileRef = 8443E8FF29391E1100371C15 /* AEClientDelegate.swift */; };
/* End PBXBuildFile section */

/* Begin PBXFileReference section */
		8443E8C92938D6CC00371C15 /* AdumoPay.framework */ = {isa = PBXFileReference; explicitFileType = wrapper.framework; includeInIndex = 0; path = AdumoPay.framework; sourceTree = BUILT_PRODUCTS_DIR; };
		8443E8CC2938D6CC00371C15 /* AdumoPay.h */ = {isa = PBXFileReference; lastKnownFileType = sourcecode.c.h; path = AdumoPay.h; sourceTree = "<group>"; };
		8443E8D52938D6F700371C15 /* NetworkClient.swift */ = {isa = PBXFileReference; fileEncoding = 4; lastKnownFileType = sourcecode.swift; path = NetworkClient.swift; sourceTree = "<group>"; };
		8443E8D72938D6F700371C15 /* AuthRepository.swift */ = {isa = PBXFileReference; fileEncoding = 4; lastKnownFileType = sourcecode.swift; path = AuthRepository.swift; sourceTree = "<group>"; };
		8443E8D82938D6F700371C15 /* HTTPMethod.swift */ = {isa = PBXFileReference; fileEncoding = 4; lastKnownFileType = sourcecode.swift; path = HTTPMethod.swift; sourceTree = "<group>"; };
		8443E8D92938D6F700371C15 /* AEClient.swift */ = {isa = PBXFileReference; fileEncoding = 4; lastKnownFileType = sourcecode.swift; path = AEClient.swift; sourceTree = "<group>"; };
		8443E8DC2938D6F700371C15 /* Adumo3DSecureDelegate.swift */ = {isa = PBXFileReference; fileEncoding = 4; lastKnownFileType = sourcecode.swift; path = Adumo3DSecureDelegate.swift; sourceTree = "<group>"; };
		8443E8DE2938D6F700371C15 /* AuthData.swift */ = {isa = PBXFileReference; fileEncoding = 4; lastKnownFileType = sourcecode.swift; path = AuthData.swift; sourceTree = "<group>"; };
		8443E8E32938D6F700371C15 /* CodeableEntity.swift */ = {isa = PBXFileReference; fileEncoding = 4; lastKnownFileType = sourcecode.swift; path = CodeableEntity.swift; sourceTree = "<group>"; };
		8443E8E52938D6F800371C15 /* Adumo3DSecureView.xib */ = {isa = PBXFileReference; fileEncoding = 4; lastKnownFileType = file.xib; path = Adumo3DSecureView.xib; sourceTree = "<group>"; };
		8443E8E62938D6F800371C15 /* Adumo3DSecureViewController.swift */ = {isa = PBXFileReference; fileEncoding = 4; lastKnownFileType = sourcecode.swift; path = Adumo3DSecureViewController.swift; sourceTree = "<group>"; };
		8443E8FF29391E1100371C15 /* AEClientDelegate.swift */ = {isa = PBXFileReference; lastKnownFileType = sourcecode.swift; path = AEClientDelegate.swift; sourceTree = "<group>"; };
/* End PBXFileReference section */

/* Begin PBXFrameworksBuildPhase section */
		8443E8C62938D6CC00371C15 /* Frameworks */ = {
			isa = PBXFrameworksBuildPhase;
			buildActionMask = 2147483647;
			files = (
			);
			runOnlyForDeploymentPostprocessing = 0;
		};
/* End PBXFrameworksBuildPhase section */

/* Begin PBXGroup section */
		8443E8BF2938D6CC00371C15 = {
			isa = PBXGroup;
			children = (
				8443E8CB2938D6CC00371C15 /* AdumoPay */,
				8443E8CA2938D6CC00371C15 /* Products */,
			);
			sourceTree = "<group>";
		};
		8443E8CA2938D6CC00371C15 /* Products */ = {
			isa = PBXGroup;
			children = (
				8443E8C92938D6CC00371C15 /* AdumoPay.framework */,
			);
			name = Products;
			sourceTree = "<group>";
		};
		8443E8CB2938D6CC00371C15 /* AdumoPay */ = {
			isa = PBXGroup;
			children = (
				8443E8D32938D6F700371C15 /* Data */,
				8443E8DA2938D6F700371C15 /* Domain */,
				8443E8E42938D6F800371C15 /* Presentation */,
				8443E8CC2938D6CC00371C15 /* AdumoPay.h */,
			);
			path = AdumoPay;
			sourceTree = "<group>";
		};
		8443E8D32938D6F700371C15 /* Data */ = {
			isa = PBXGroup;
			children = (
				8443E8D42938D6F700371C15 /* Network */,
				8443E8D62938D6F700371C15 /* Repositories */,
				8443E8D92938D6F700371C15 /* AEClient.swift */,
			);
			path = Data;
			sourceTree = "<group>";
		};
		8443E8D42938D6F700371C15 /* Network */ = {
			isa = PBXGroup;
			children = (
				8443E8D52938D6F700371C15 /* NetworkClient.swift */,
			);
			path = Network;
			sourceTree = "<group>";
		};
		8443E8D62938D6F700371C15 /* Repositories */ = {
			isa = PBXGroup;
			children = (
				8443E8D72938D6F700371C15 /* AuthRepository.swift */,
			);
			path = Repositories;
			sourceTree = "<group>";
		};
		8443E8DA2938D6F700371C15 /* Domain */ = {
			isa = PBXGroup;
			children = (
				8443E8D82938D6F700371C15 /* HTTPMethod.swift */,
				8443E8DB2938D6F700371C15 /* Delegates */,
				8443E8DD2938D6F700371C15 /* Entities */,
				8443E8DF2938D6F700371C15 /* Interfaces */,
			);
			path = Domain;
			sourceTree = "<group>";
		};
		8443E8DB2938D6F700371C15 /* Delegates */ = {
			isa = PBXGroup;
			children = (
				8443E8DC2938D6F700371C15 /* Adumo3DSecureDelegate.swift */,
				8443E8FF29391E1100371C15 /* AEClientDelegate.swift */,
			);
			path = Delegates;
			sourceTree = "<group>";
		};
		8443E8DD2938D6F700371C15 /* Entities */ = {
			isa = PBXGroup;
			children = (
				8443E8DE2938D6F700371C15 /* AuthData.swift */,
			);
			path = Entities;
			sourceTree = "<group>";
		};
		8443E8DF2938D6F700371C15 /* Interfaces */ = {
			isa = PBXGroup;
			children = (
				8443E8E22938D6F700371C15 /* Entities */,
			);
			path = Interfaces;
			sourceTree = "<group>";
		};
		8443E8E22938D6F700371C15 /* Entities */ = {
			isa = PBXGroup;
			children = (
				8443E8E32938D6F700371C15 /* CodeableEntity.swift */,
			);
			path = Entities;
			sourceTree = "<group>";
		};
		8443E8E42938D6F800371C15 /* Presentation */ = {
			isa = PBXGroup;
			children = (
				8443E8E52938D6F800371C15 /* Adumo3DSecureView.xib */,
				8443E8E62938D6F800371C15 /* Adumo3DSecureViewController.swift */,
				8443E8E72938D6F800371C15 /* 3DSecure */,
			);
			path = Presentation;
			sourceTree = "<group>";
		};
		8443E8E72938D6F800371C15 /* 3DSecure */ = {
			isa = PBXGroup;
			children = (
			);
			path = 3DSecure;
			sourceTree = "<group>";
		};
/* End PBXGroup section */

/* Begin PBXHeadersBuildPhase section */
		8443E8C42938D6CC00371C15 /* Headers */ = {
			isa = PBXHeadersBuildPhase;
			buildActionMask = 2147483647;
			files = (
				8443E8CD2938D6CC00371C15 /* AdumoPay.h in Headers */,
			);
			runOnlyForDeploymentPostprocessing = 0;
		};
/* End PBXHeadersBuildPhase section */

/* Begin PBXNativeTarget section */
		8443E8C82938D6CC00371C15 /* AdumoPay */ = {
			isa = PBXNativeTarget;
			buildConfigurationList = 8443E8D02938D6CC00371C15 /* Build configuration list for PBXNativeTarget "AdumoPay" */;
			buildPhases = (
				8443E8C42938D6CC00371C15 /* Headers */,
				8443E8C52938D6CC00371C15 /* Sources */,
				8443E8C62938D6CC00371C15 /* Frameworks */,
				8443E8C72938D6CC00371C15 /* Resources */,
			);
			buildRules = (
			);
			dependencies = (
			);
			name = AdumoPay;
			productName = AdumoPay;
			productReference = 8443E8C92938D6CC00371C15 /* AdumoPay.framework */;
			productType = "com.apple.product-type.framework";
		};
/* End PBXNativeTarget section */

/* Begin PBXProject section */
		8443E8C02938D6CC00371C15 /* Project object */ = {
			isa = PBXProject;
			attributes = {
				BuildIndependentTargetsInParallel = 1;
				LastUpgradeCheck = 1410;
				TargetAttributes = {
					8443E8C82938D6CC00371C15 = {
						CreatedOnToolsVersion = 14.1;
					};
				};
			};
			buildConfigurationList = 8443E8C32938D6CC00371C15 /* Build configuration list for PBXProject "AdumoPay" */;
			compatibilityVersion = "Xcode 14.0";
			developmentRegion = en;
			hasScannedForEncodings = 0;
			knownRegions = (
				en,
				Base,
			);
			mainGroup = 8443E8BF2938D6CC00371C15;
			productRefGroup = 8443E8CA2938D6CC00371C15 /* Products */;
			projectDirPath = "";
			projectRoot = "";
			targets = (
				8443E8C82938D6CC00371C15 /* AdumoPay */,
			);
		};
/* End PBXProject section */

/* Begin PBXResourcesBuildPhase section */
		8443E8C72938D6CC00371C15 /* Resources */ = {
			isa = PBXResourcesBuildPhase;
			buildActionMask = 2147483647;
			files = (
				8443E8F02938D6F800371C15 /* Adumo3DSecureView.xib in Resources */,
			);
			runOnlyForDeploymentPostprocessing = 0;
		};
/* End PBXResourcesBuildPhase section */

/* Begin PBXSourcesBuildPhase section */
		8443E8C52938D6CC00371C15 /* Sources */ = {
			isa = PBXSourcesBuildPhase;
			buildActionMask = 2147483647;
			files = (
				8443E8F22938D7FD00371C15 /* CodeableEntity.swift in Sources */,
				8443E8E82938D6F800371C15 /* NetworkClient.swift in Sources */,
				8443E8ED2938D6F800371C15 /* AuthData.swift in Sources */,
				8443E90029391E1100371C15 /* AEClientDelegate.swift in Sources */,
				8443E8E92938D6F800371C15 /* AuthRepository.swift in Sources */,
				8443E8EB2938D6F800371C15 /* AEClient.swift in Sources */,
				8443E8F12938D6F800371C15 /* Adumo3DSecureViewController.swift in Sources */,
				8443E8EA2938D6F800371C15 /* HTTPMethod.swift in Sources */,
				8443E8EC2938D6F800371C15 /* Adumo3DSecureDelegate.swift in Sources */,
			);
			runOnlyForDeploymentPostprocessing = 0;
		};
/* End PBXSourcesBuildPhase section */

/* Begin XCBuildConfiguration section */
		8443E8CE2938D6CC00371C15 /* Debug */ = {
			isa = XCBuildConfiguration;
			buildSettings = {
				ALWAYS_SEARCH_USER_PATHS = NO;
				CLANG_ANALYZER_NONNULL = YES;
				CLANG_ANALYZER_NUMBER_OBJECT_CONVERSION = YES_AGGRESSIVE;
				CLANG_CXX_LANGUAGE_STANDARD = "gnu++20";
				CLANG_ENABLE_MODULES = YES;
				CLANG_ENABLE_OBJC_ARC = YES;
				CLANG_ENABLE_OBJC_WEAK = YES;
				CLANG_WARN_BLOCK_CAPTURE_AUTORELEASING = YES;
				CLANG_WARN_BOOL_CONVERSION = YES;
				CLANG_WARN_COMMA = YES;
				CLANG_WARN_CONSTANT_CONVERSION = YES;
				CLANG_WARN_DEPRECATED_OBJC_IMPLEMENTATIONS = YES;
				CLANG_WARN_DIRECT_OBJC_ISA_USAGE = YES_ERROR;
				CLANG_WARN_DOCUMENTATION_COMMENTS = YES;
				CLANG_WARN_EMPTY_BODY = YES;
				CLANG_WARN_ENUM_CONVERSION = YES;
				CLANG_WARN_INFINITE_RECURSION = YES;
				CLANG_WARN_INT_CONVERSION = YES;
				CLANG_WARN_NON_LITERAL_NULL_CONVERSION = YES;
				CLANG_WARN_OBJC_IMPLICIT_RETAIN_SELF = YES;
				CLANG_WARN_OBJC_LITERAL_CONVERSION = YES;
				CLANG_WARN_OBJC_ROOT_CLASS = YES_ERROR;
				CLANG_WARN_QUOTED_INCLUDE_IN_FRAMEWORK_HEADER = YES;
				CLANG_WARN_RANGE_LOOP_ANALYSIS = YES;
				CLANG_WARN_STRICT_PROTOTYPES = YES;
				CLANG_WARN_SUSPICIOUS_MOVE = YES;
				CLANG_WARN_UNGUARDED_AVAILABILITY = YES_AGGRESSIVE;
				CLANG_WARN_UNREACHABLE_CODE = YES;
				CLANG_WARN__DUPLICATE_METHOD_MATCH = YES;
				COPY_PHASE_STRIP = NO;
				CURRENT_PROJECT_VERSION = 1;
				DEBUG_INFORMATION_FORMAT = dwarf;
				ENABLE_STRICT_OBJC_MSGSEND = YES;
				ENABLE_TESTABILITY = YES;
				GCC_C_LANGUAGE_STANDARD = gnu11;
				GCC_DYNAMIC_NO_PIC = NO;
				GCC_NO_COMMON_BLOCKS = YES;
				GCC_OPTIMIZATION_LEVEL = 0;
				GCC_PREPROCESSOR_DEFINITIONS = (
					"DEBUG=1",
					"$(inherited)",
				);
				GCC_WARN_64_TO_32_BIT_CONVERSION = YES;
				GCC_WARN_ABOUT_RETURN_TYPE = YES_ERROR;
				GCC_WARN_UNDECLARED_SELECTOR = YES;
				GCC_WARN_UNINITIALIZED_AUTOS = YES_AGGRESSIVE;
				GCC_WARN_UNUSED_FUNCTION = YES;
				GCC_WARN_UNUSED_VARIABLE = YES;
				IPHONEOS_DEPLOYMENT_TARGET = 16.1;
				MTL_ENABLE_DEBUG_INFO = INCLUDE_SOURCE;
				MTL_FAST_MATH = YES;
				ONLY_ACTIVE_ARCH = YES;
				SDKROOT = iphoneos;
				SWIFT_ACTIVE_COMPILATION_CONDITIONS = DEBUG;
				SWIFT_OPTIMIZATION_LEVEL = "-Onone";
				VERSIONING_SYSTEM = "apple-generic";
				VERSION_INFO_PREFIX = "";
			};
			name = Debug;
		};
		8443E8CF2938D6CC00371C15 /* Release */ = {
			isa = XCBuildConfiguration;
			buildSettings = {
				ALWAYS_SEARCH_USER_PATHS = NO;
				CLANG_ANALYZER_NONNULL = YES;
				CLANG_ANALYZER_NUMBER_OBJECT_CONVERSION = YES_AGGRESSIVE;
				CLANG_CXX_LANGUAGE_STANDARD = "gnu++20";
				CLANG_ENABLE_MODULES = YES;
				CLANG_ENABLE_OBJC_ARC = YES;
				CLANG_ENABLE_OBJC_WEAK = YES;
				CLANG_WARN_BLOCK_CAPTURE_AUTORELEASING = YES;
				CLANG_WARN_BOOL_CONVERSION = YES;
				CLANG_WARN_COMMA = YES;
				CLANG_WARN_CONSTANT_CONVERSION = YES;
				CLANG_WARN_DEPRECATED_OBJC_IMPLEMENTATIONS = YES;
				CLANG_WARN_DIRECT_OBJC_ISA_USAGE = YES_ERROR;
				CLANG_WARN_DOCUMENTATION_COMMENTS = YES;
				CLANG_WARN_EMPTY_BODY = YES;
				CLANG_WARN_ENUM_CONVERSION = YES;
				CLANG_WARN_INFINITE_RECURSION = YES;
				CLANG_WARN_INT_CONVERSION = YES;
				CLANG_WARN_NON_LITERAL_NULL_CONVERSION = YES;
				CLANG_WARN_OBJC_IMPLICIT_RETAIN_SELF = YES;
				CLANG_WARN_OBJC_LITERAL_CONVERSION = YES;
				CLANG_WARN_OBJC_ROOT_CLASS = YES_ERROR;
				CLANG_WARN_QUOTED_INCLUDE_IN_FRAMEWORK_HEADER = YES;
				CLANG_WARN_RANGE_LOOP_ANALYSIS = YES;
				CLANG_WARN_STRICT_PROTOTYPES = YES;
				CLANG_WARN_SUSPICIOUS_MOVE = YES;
				CLANG_WARN_UNGUARDED_AVAILABILITY = YES_AGGRESSIVE;
				CLANG_WARN_UNREACHABLE_CODE = YES;
				CLANG_WARN__DUPLICATE_METHOD_MATCH = YES;
				COPY_PHASE_STRIP = NO;
				CURRENT_PROJECT_VERSION = 1;
				DEBUG_INFORMATION_FORMAT = "dwarf-with-dsym";
				ENABLE_NS_ASSERTIONS = NO;
				ENABLE_STRICT_OBJC_MSGSEND = YES;
				GCC_C_LANGUAGE_STANDARD = gnu11;
				GCC_NO_COMMON_BLOCKS = YES;
				GCC_WARN_64_TO_32_BIT_CONVERSION = YES;
				GCC_WARN_ABOUT_RETURN_TYPE = YES_ERROR;
				GCC_WARN_UNDECLARED_SELECTOR = YES;
				GCC_WARN_UNINITIALIZED_AUTOS = YES_AGGRESSIVE;
				GCC_WARN_UNUSED_FUNCTION = YES;
				GCC_WARN_UNUSED_VARIABLE = YES;
				IPHONEOS_DEPLOYMENT_TARGET = 16.1;
				MTL_ENABLE_DEBUG_INFO = NO;
				MTL_FAST_MATH = YES;
				SDKROOT = iphoneos;
				SWIFT_COMPILATION_MODE = wholemodule;
				SWIFT_OPTIMIZATION_LEVEL = "-O";
				VALIDATE_PRODUCT = YES;
				VERSIONING_SYSTEM = "apple-generic";
				VERSION_INFO_PREFIX = "";
			};
			name = Release;
		};
		8443E8D12938D6CC00371C15 /* Debug */ = {
			isa = XCBuildConfiguration;
			buildSettings = {
				BUILD_LIBRARY_FOR_DISTRIBUTION = YES;
				CODE_SIGN_STYLE = Automatic;
				CURRENT_PROJECT_VERSION = 1;
				DEFINES_MODULE = YES;
				DEVELOPMENT_TEAM = H8P4K9XRN7;
				DYLIB_COMPATIBILITY_VERSION = 1;
				DYLIB_CURRENT_VERSION = 1;
				DYLIB_INSTALL_NAME_BASE = "@rpath";
				GENERATE_INFOPLIST_FILE = YES;
				INFOPLIST_KEY_NSHumanReadableCopyright = "";
				INSTALL_PATH = "$(LOCAL_LIBRARY_DIR)/Frameworks";
				LD_RUNPATH_SEARCH_PATHS = (
					"$(inherited)",
					"@executable_path/Frameworks",
					"@loader_path/Frameworks",
				);
				MARKETING_VERSION = 1.0;
				PRODUCT_BUNDLE_IDENTIFIER = co.za.mincdevelopment.AdumoPay;
				PRODUCT_NAME = "$(TARGET_NAME:c99extidentifier)";
				SKIP_INSTALL = YES;
				SWIFT_EMIT_LOC_STRINGS = YES;
				SWIFT_VERSION = 5.0;
				TARGETED_DEVICE_FAMILY = "1,2";
			};
			name = Debug;
		};
		8443E8D22938D6CC00371C15 /* Release */ = {
			isa = XCBuildConfiguration;
			buildSettings = {
				BUILD_LIBRARY_FOR_DISTRIBUTION = YES;
				CODE_SIGN_STYLE = Automatic;
				CURRENT_PROJECT_VERSION = 1;
				DEFINES_MODULE = YES;
				DEVELOPMENT_TEAM = H8P4K9XRN7;
				DYLIB_COMPATIBILITY_VERSION = 1;
				DYLIB_CURRENT_VERSION = 1;
				DYLIB_INSTALL_NAME_BASE = "@rpath";
				GENERATE_INFOPLIST_FILE = YES;
				INFOPLIST_KEY_NSHumanReadableCopyright = "";
				INSTALL_PATH = "$(LOCAL_LIBRARY_DIR)/Frameworks";
				LD_RUNPATH_SEARCH_PATHS = (
					"$(inherited)",
					"@executable_path/Frameworks",
					"@loader_path/Frameworks",
				);
				MARKETING_VERSION = 1.0;
				PRODUCT_BUNDLE_IDENTIFIER = co.za.mincdevelopment.AdumoPay;
				PRODUCT_NAME = "$(TARGET_NAME:c99extidentifier)";
				SKIP_INSTALL = YES;
				SWIFT_EMIT_LOC_STRINGS = YES;
				SWIFT_VERSION = 5.0;
				TARGETED_DEVICE_FAMILY = "1,2";
			};
			name = Release;
		};
/* End XCBuildConfiguration section */

/* Begin XCConfigurationList section */
		8443E8C32938D6CC00371C15 /* Build configuration list for PBXProject "AdumoPay" */ = {
			isa = XCConfigurationList;
			buildConfigurations = (
				8443E8CE2938D6CC00371C15 /* Debug */,
				8443E8CF2938D6CC00371C15 /* Release */,
			);
			defaultConfigurationIsVisible = 0;
			defaultConfigurationName = Release;
		};
		8443E8D02938D6CC00371C15 /* Build configuration list for PBXNativeTarget "AdumoPay" */ = {
			isa = XCConfigurationList;
			buildConfigurations = (
				8443E8D12938D6CC00371C15 /* Debug */,
				8443E8D22938D6CC00371C15 /* Release */,
			);
			defaultConfigurationIsVisible = 0;
			defaultConfigurationName = Release;
		};
/* End XCConfigurationList section */
	};
	rootObject = 8443E8C02938D6CC00371C15 /* Project object */;
}
